// !$*UTF8*$!
{
	archiveVersion = 1;
	classes = {
	};
	objectVersion = 51;
	objects = {

/* Begin PBXBuildFile section */
		89A58F552381277500F20AD5 /* MomentModel.swift in Sources */ = {isa = PBXBuildFile; fileRef = 89A58F542381277500F20AD5 /* MomentModel.swift */; };
		89A58F6523813A7C00F20AD5 /* Alamofire+Extension.swift in Sources */ = {isa = PBXBuildFile; fileRef = 89A58F6423813A7C00F20AD5 /* Alamofire+Extension.swift */; };
		89A58F7E2381489D00F20AD5 /* MomentViewModel.swift in Sources */ = {isa = PBXBuildFile; fileRef = 89A58F7D2381489D00F20AD5 /* MomentViewModel.swift */; };
		89A58FB02382992B00F20AD5 /* MomentCell.swift in Sources */ = {isa = PBXBuildFile; fileRef = 89A58FAF2382992B00F20AD5 /* MomentCell.swift */; };
		89BE4F7B238041B900976C4B /* AppDelegate.swift in Sources */ = {isa = PBXBuildFile; fileRef = 89BE4F7A238041B900976C4B /* AppDelegate.swift */; };
		89BE4F82238041B900976C4B /* Main.storyboard in Resources */ = {isa = PBXBuildFile; fileRef = 89BE4F80238041B900976C4B /* Main.storyboard */; };
		89BE4F84238041BA00976C4B /* Assets.xcassets in Resources */ = {isa = PBXBuildFile; fileRef = 89BE4F83238041BA00976C4B /* Assets.xcassets */; };
		89BE4F87238041BA00976C4B /* LaunchScreen.storyboard in Resources */ = {isa = PBXBuildFile; fileRef = 89BE4F85238041BA00976C4B /* LaunchScreen.storyboard */; };
		89FBDC0E2380F10E000859F3 /* BaseModel.swift in Sources */ = {isa = PBXBuildFile; fileRef = 89FBDC0D2380F10E000859F3 /* BaseModel.swift */; };
		89FBDC142380F136000859F3 /* MomentViewController.swift in Sources */ = {isa = PBXBuildFile; fileRef = 89FBDC122380F136000859F3 /* MomentViewController.swift */; };
		89FBDC2E23811615000859F3 /* MomentRefreshHeaderView.swift in Sources */ = {isa = PBXBuildFile; fileRef = 89FBDC2D23811615000859F3 /* MomentRefreshHeaderView.swift */; };
		C1417D3B0938EA3D26A9F9BB /* Pods_MomentsDemo.framework in Frameworks */ = {isa = PBXBuildFile; fileRef = 17C39F810A2F663165440BB6 /* Pods_MomentsDemo.framework */; };
/* End PBXBuildFile section */

/* Begin PBXFileReference section */
		17C39F810A2F663165440BB6 /* Pods_MomentsDemo.framework */ = {isa = PBXFileReference; explicitFileType = wrapper.framework; includeInIndex = 0; path = Pods_MomentsDemo.framework; sourceTree = BUILT_PRODUCTS_DIR; };
		89A58F542381277500F20AD5 /* MomentModel.swift */ = {isa = PBXFileReference; lastKnownFileType = sourcecode.swift; path = MomentModel.swift; sourceTree = "<group>"; };
		89A58F6423813A7C00F20AD5 /* Alamofire+Extension.swift */ = {isa = PBXFileReference; lastKnownFileType = sourcecode.swift; path = "Alamofire+Extension.swift"; sourceTree = "<group>"; };
		89A58F6623813EDF00F20AD5 /* MomentsDemo-Bridging-Header.h */ = {isa = PBXFileReference; lastKnownFileType = sourcecode.c.h; path = "MomentsDemo-Bridging-Header.h"; sourceTree = "<group>"; };
		89A58F7D2381489D00F20AD5 /* MomentViewModel.swift */ = {isa = PBXFileReference; lastKnownFileType = sourcecode.swift; path = MomentViewModel.swift; sourceTree = "<group>"; };
		89A58FAF2382992B00F20AD5 /* MomentCell.swift */ = {isa = PBXFileReference; lastKnownFileType = sourcecode.swift; path = MomentCell.swift; sourceTree = "<group>"; };
		89BE4F77238041B900976C4B /* MomentsDemo.app */ = {isa = PBXFileReference; explicitFileType = wrapper.application; includeInIndex = 0; path = MomentsDemo.app; sourceTree = BUILT_PRODUCTS_DIR; };
		89BE4F7A238041B900976C4B /* AppDelegate.swift */ = {isa = PBXFileReference; lastKnownFileType = sourcecode.swift; path = AppDelegate.swift; sourceTree = "<group>"; };
		89BE4F81238041B900976C4B /* Base */ = {isa = PBXFileReference; lastKnownFileType = file.storyboard; name = Base; path = Base.lproj/Main.storyboard; sourceTree = "<group>"; };
		89BE4F83238041BA00976C4B /* Assets.xcassets */ = {isa = PBXFileReference; lastKnownFileType = folder.assetcatalog; path = Assets.xcassets; sourceTree = "<group>"; };
		89BE4F86238041BA00976C4B /* Base */ = {isa = PBXFileReference; lastKnownFileType = file.storyboard; name = Base; path = Base.lproj/LaunchScreen.storyboard; sourceTree = "<group>"; };
		89BE4F88238041BA00976C4B /* Info.plist */ = {isa = PBXFileReference; lastKnownFileType = text.plist.xml; path = Info.plist; sourceTree = "<group>"; };
		89FBDC0D2380F10E000859F3 /* BaseModel.swift */ = {isa = PBXFileReference; fileEncoding = 4; lastKnownFileType = sourcecode.swift; path = BaseModel.swift; sourceTree = "<group>"; };
		89FBDC122380F136000859F3 /* MomentViewController.swift */ = {isa = PBXFileReference; fileEncoding = 4; lastKnownFileType = sourcecode.swift; path = MomentViewController.swift; sourceTree = "<group>"; };
		89FBDC2D23811615000859F3 /* MomentRefreshHeaderView.swift */ = {isa = PBXFileReference; lastKnownFileType = sourcecode.swift; path = MomentRefreshHeaderView.swift; sourceTree = "<group>"; };
		ADA0362764FA7582F1D4DE5D /* Pods-MomentsDemo.release.xcconfig */ = {isa = PBXFileReference; includeInIndex = 1; lastKnownFileType = text.xcconfig; name = "Pods-MomentsDemo.release.xcconfig"; path = "Target Support Files/Pods-MomentsDemo/Pods-MomentsDemo.release.xcconfig"; sourceTree = "<group>"; };
		DD307318CCD035A2062C3E91 /* Pods-MomentsDemo.debug.xcconfig */ = {isa = PBXFileReference; includeInIndex = 1; lastKnownFileType = text.xcconfig; name = "Pods-MomentsDemo.debug.xcconfig"; path = "Target Support Files/Pods-MomentsDemo/Pods-MomentsDemo.debug.xcconfig"; sourceTree = "<group>"; };
/* End PBXFileReference section */

/* Begin PBXFrameworksBuildPhase section */
		89BE4F74238041B900976C4B /* Frameworks */ = {
			isa = PBXFrameworksBuildPhase;
			buildActionMask = 2147483647;
			files = (
				C1417D3B0938EA3D26A9F9BB /* Pods_MomentsDemo.framework in Frameworks */,
			);
			runOnlyForDeploymentPostprocessing = 0;
		};
/* End PBXFrameworksBuildPhase section */

/* Begin PBXGroup section */
		89A58F7C2381488300F20AD5 /* ViewModel */ = {
			isa = PBXGroup;
			children = (
				89A58F7D2381489D00F20AD5 /* MomentViewModel.swift */,
			);
			path = ViewModel;
			sourceTree = "<group>";
		};
		89BE4F6E238041B900976C4B = {
			isa = PBXGroup;
			children = (
				89BE4F79238041B900976C4B /* MomentsDemo */,
				89BE4F78238041B900976C4B /* Products */,
				E387FC4B3A91C8EBB231B529 /* Pods */,
				C4682F29EA7718FB4C79279C /* Frameworks */,
			);
			sourceTree = "<group>";
		};
		89BE4F78238041B900976C4B /* Products */ = {
			isa = PBXGroup;
			children = (
				89BE4F77238041B900976C4B /* MomentsDemo.app */,
			);
			name = Products;
			sourceTree = "<group>";
		};
		89BE4F79238041B900976C4B /* MomentsDemo */ = {
			isa = PBXGroup;
			children = (
				89A58F6423813A7C00F20AD5 /* Alamofire+Extension.swift */,
				89FBDC0F2380F136000859F3 /* View */,
				89A58F7C2381488300F20AD5 /* ViewModel */,
				89FBDC102380F136000859F3 /* ViewController */,
				89FBDC0C2380F10E000859F3 /* Model */,
				89BE4F7A238041B900976C4B /* AppDelegate.swift */,
				89BE4F80238041B900976C4B /* Main.storyboard */,
				89BE4F83238041BA00976C4B /* Assets.xcassets */,
				89BE4F85238041BA00976C4B /* LaunchScreen.storyboard */,
				89BE4F88238041BA00976C4B /* Info.plist */,
				89A58F6623813EDF00F20AD5 /* MomentsDemo-Bridging-Header.h */,
			);
			path = MomentsDemo;
			sourceTree = "<group>";
		};
		89FBDC0C2380F10E000859F3 /* Model */ = {
			isa = PBXGroup;
			children = (
				89FBDC0D2380F10E000859F3 /* BaseModel.swift */,
				89A58F542381277500F20AD5 /* MomentModel.swift */,
			);
			path = Model;
			sourceTree = "<group>";
		};
		89FBDC0F2380F136000859F3 /* View */ = {
			isa = PBXGroup;
			children = (
				89FBDC2D23811615000859F3 /* MomentRefreshHeaderView.swift */,
				89A58FAF2382992B00F20AD5 /* MomentCell.swift */,
			);
			path = View;
			sourceTree = "<group>";
		};
		89FBDC102380F136000859F3 /* ViewController */ = {
			isa = PBXGroup;
			children = (
				89FBDC122380F136000859F3 /* MomentViewController.swift */,
			);
			path = ViewController;
			sourceTree = "<group>";
		};
		C4682F29EA7718FB4C79279C /* Frameworks */ = {
			isa = PBXGroup;
			children = (
				17C39F810A2F663165440BB6 /* Pods_MomentsDemo.framework */,
			);
			name = Frameworks;
			sourceTree = "<group>";
		};
		E387FC4B3A91C8EBB231B529 /* Pods */ = {
			isa = PBXGroup;
			children = (
				DD307318CCD035A2062C3E91 /* Pods-MomentsDemo.debug.xcconfig */,
				ADA0362764FA7582F1D4DE5D /* Pods-MomentsDemo.release.xcconfig */,
			);
			path = Pods;
			sourceTree = "<group>";
		};
/* End PBXGroup section */

/* Begin PBXNativeTarget section */
		89BE4F76238041B900976C4B /* MomentsDemo */ = {
			isa = PBXNativeTarget;
			buildConfigurationList = 89BE4F8B238041BA00976C4B /* Build configuration list for PBXNativeTarget "MomentsDemo" */;
			buildPhases = (
				66D275248618AD5ACEE23E2B /* [CP] Check Pods Manifest.lock */,
				89BE4F73238041B900976C4B /* Sources */,
				89BE4F74238041B900976C4B /* Frameworks */,
				89BE4F75238041B900976C4B /* Resources */,
				86B582C4B3B0FB8EB8345E19 /* [CP] Embed Pods Frameworks */,
			);
			buildRules = (
			);
			dependencies = (
			);
			name = MomentsDemo;
			productName = MomentsDemo;
			productReference = 89BE4F77238041B900976C4B /* MomentsDemo.app */;
			productType = "com.apple.product-type.application";
		};
/* End PBXNativeTarget section */

/* Begin PBXProject section */
		89BE4F6F238041B900976C4B /* Project object */ = {
			isa = PBXProject;
			attributes = {
				LastSwiftUpdateCheck = 1110;
				LastUpgradeCheck = 1110;
				ORGANIZATIONNAME = macro;
				TargetAttributes = {
					89BE4F76238041B900976C4B = {
						CreatedOnToolsVersion = 11.1;
						LastSwiftMigration = 1110;
					};
				};
			};
			buildConfigurationList = 89BE4F72238041B900976C4B /* Build configuration list for PBXProject "MomentsDemo" */;
			compatibilityVersion = "Xcode 9.3";
			developmentRegion = en;
			hasScannedForEncodings = 0;
			knownRegions = (
				en,
				Base,
			);
			mainGroup = 89BE4F6E238041B900976C4B;
			productRefGroup = 89BE4F78238041B900976C4B /* Products */;
			projectDirPath = "";
			projectRoot = "";
			targets = (
				89BE4F76238041B900976C4B /* MomentsDemo */,
			);
		};
/* End PBXProject section */

/* Begin PBXResourcesBuildPhase section */
		89BE4F75238041B900976C4B /* Resources */ = {
			isa = PBXResourcesBuildPhase;
			buildActionMask = 2147483647;
			files = (
				89BE4F87238041BA00976C4B /* LaunchScreen.storyboard in Resources */,
				89BE4F84238041BA00976C4B /* Assets.xcassets in Resources */,
				89BE4F82238041B900976C4B /* Main.storyboard in Resources */,
			);
			runOnlyForDeploymentPostprocessing = 0;
		};
/* End PBXResourcesBuildPhase section */

/* Begin PBXShellScriptBuildPhase section */
		66D275248618AD5ACEE23E2B /* [CP] Check Pods Manifest.lock */ = {
			isa = PBXShellScriptBuildPhase;
			buildActionMask = 2147483647;
			files = (
			);
			inputFileListPaths = (
			);
			inputPaths = (
				"${PODS_PODFILE_DIR_PATH}/Podfile.lock",
				"${PODS_ROOT}/Manifest.lock",
			);
			name = "[CP] Check Pods Manifest.lock";
			outputFileListPaths = (
			);
			outputPaths = (
				"$(DERIVED_FILE_DIR)/Pods-MomentsDemo-checkManifestLockResult.txt",
			);
			runOnlyForDeploymentPostprocessing = 0;
			shellPath = /bin/sh;
			shellScript = "diff \"${PODS_PODFILE_DIR_PATH}/Podfile.lock\" \"${PODS_ROOT}/Manifest.lock\" > /dev/null\nif [ $? != 0 ] ; then\n    # print error to STDERR\n    echo \"error: The sandbox is not in sync with the Podfile.lock. Run 'pod install' or update your CocoaPods installation.\" >&2\n    exit 1\nfi\n# This output is used by Xcode 'outputs' to avoid re-running this script phase.\necho \"SUCCESS\" > \"${SCRIPT_OUTPUT_FILE_0}\"\n";
			showEnvVarsInLog = 0;
		};
		86B582C4B3B0FB8EB8345E19 /* [CP] Embed Pods Frameworks */ = {
			isa = PBXShellScriptBuildPhase;
			buildActionMask = 2147483647;
			files = (
			);
			inputFileListPaths = (
				"${PODS_ROOT}/Target Support Files/Pods-MomentsDemo/Pods-MomentsDemo-frameworks-${CONFIGURATION}-input-files.xcfilelist",
			);
			name = "[CP] Embed Pods Frameworks";
			outputFileListPaths = (
				"${PODS_ROOT}/Target Support Files/Pods-MomentsDemo/Pods-MomentsDemo-frameworks-${CONFIGURATION}-output-files.xcfilelist",
			);
			runOnlyForDeploymentPostprocessing = 0;
			shellPath = /bin/sh;
			shellScript = "\"${PODS_ROOT}/Target Support Files/Pods-MomentsDemo/Pods-MomentsDemo-frameworks.sh\"\n";
			showEnvVarsInLog = 0;
		};
/* End PBXShellScriptBuildPhase section */

/* Begin PBXSourcesBuildPhase section */
		89BE4F73238041B900976C4B /* Sources */ = {
			isa = PBXSourcesBuildPhase;
			buildActionMask = 2147483647;
			files = (
				89FBDC2E23811615000859F3 /* MomentRefreshHeaderView.swift in Sources */,
				89FBDC142380F136000859F3 /* MomentViewController.swift in Sources */,
				89BE4F7B238041B900976C4B /* AppDelegate.swift in Sources */,
				89A58FB02382992B00F20AD5 /* MomentCell.swift in Sources */,
				89A58F552381277500F20AD5 /* MomentModel.swift in Sources */,
				89A58F6523813A7C00F20AD5 /* Alamofire+Extension.swift in Sources */,
				89FBDC0E2380F10E000859F3 /* BaseModel.swift in Sources */,
				89A58F7E2381489D00F20AD5 /* MomentViewModel.swift in Sources */,
			);
			runOnlyForDeploymentPostprocessing = 0;
		};
/* End PBXSourcesBuildPhase section */

/* Begin PBXVariantGroup section */
		89BE4F80238041B900976C4B /* Main.storyboard */ = {
			isa = PBXVariantGroup;
			children = (
				89BE4F81238041B900976C4B /* Base */,
			);
			name = Main.storyboard;
			sourceTree = "<group>";
		};
		89BE4F85238041BA00976C4B /* LaunchScreen.storyboard */ = {
			isa = PBXVariantGroup;
			children = (
				89BE4F86238041BA00976C4B /* Base */,
			);
			name = LaunchScreen.storyboard;
			sourceTree = "<group>";
		};
/* End PBXVariantGroup section */

/* Begin XCBuildConfiguration section */
		89BE4F89238041BA00976C4B /* Debug */ = {
			isa = XCBuildConfiguration;
			buildSettings = {
				ALWAYS_SEARCH_USER_PATHS = NO;
				CLANG_ANALYZER_NONNULL = YES;
				CLANG_ANALYZER_NUMBER_OBJECT_CONVERSION = YES_AGGRESSIVE;
				CLANG_CXX_LANGUAGE_STANDARD = "gnu++14";
				CLANG_CXX_LIBRARY = "libc++";
				CLANG_ENABLE_MODULES = YES;
				CLANG_ENABLE_OBJC_ARC = YES;
				CLANG_ENABLE_OBJC_WEAK = YES;
				CLANG_WARN_BLOCK_CAPTURE_AUTORELEASING = YES;
				CLANG_WARN_BOOL_CONVERSION = YES;
				CLANG_WARN_COMMA = YES;
				CLANG_WARN_CONSTANT_CONVERSION = YES;
				CLANG_WARN_DEPRECATED_OBJC_IMPLEMENTATIONS = YES;
				CLANG_WARN_DIRECT_OBJC_ISA_USAGE = YES_ERROR;
				CLANG_WARN_DOCUMENTATION_COMMENTS = YES;
				CLANG_WARN_EMPTY_BODY = YES;
				CLANG_WARN_ENUM_CONVERSION = YES;
				CLANG_WARN_INFINITE_RECURSION = YES;
				CLANG_WARN_INT_CONVERSION = YES;
				CLANG_WARN_NON_LITERAL_NULL_CONVERSION = YES;
				CLANG_WARN_OBJC_IMPLICIT_RETAIN_SELF = YES;
				CLANG_WARN_OBJC_LITERAL_CONVERSION = YES;
				CLANG_WARN_OBJC_ROOT_CLASS = YES_ERROR;
				CLANG_WARN_RANGE_LOOP_ANALYSIS = YES;
				CLANG_WARN_STRICT_PROTOTYPES = YES;
				CLANG_WARN_SUSPICIOUS_MOVE = YES;
				CLANG_WARN_UNGUARDED_AVAILABILITY = YES_AGGRESSIVE;
				CLANG_WARN_UNREACHABLE_CODE = YES;
				CLANG_WARN__DUPLICATE_METHOD_MATCH = YES;
				COPY_PHASE_STRIP = NO;
				DEBUG_INFORMATION_FORMAT = dwarf;
				ENABLE_STRICT_OBJC_MSGSEND = YES;
				ENABLE_TESTABILITY = YES;
				GCC_C_LANGUAGE_STANDARD = gnu11;
				GCC_DYNAMIC_NO_PIC = NO;
				GCC_NO_COMMON_BLOCKS = YES;
				GCC_OPTIMIZATION_LEVEL = 0;
				GCC_PREPROCESSOR_DEFINITIONS = (
					"DEBUG=1",
					"$(inherited)",
				);
				GCC_WARN_64_TO_32_BIT_CONVERSION = YES;
				GCC_WARN_ABOUT_RETURN_TYPE = YES_ERROR;
				GCC_WARN_UNDECLARED_SELECTOR = YES;
				GCC_WARN_UNINITIALIZED_AUTOS = YES_AGGRESSIVE;
				GCC_WARN_UNUSED_FUNCTION = YES;
				GCC_WARN_UNUSED_VARIABLE = YES;
				IPHONEOS_DEPLOYMENT_TARGET = 13.1;
				MTL_ENABLE_DEBUG_INFO = INCLUDE_SOURCE;
				MTL_FAST_MATH = YES;
				ONLY_ACTIVE_ARCH = YES;
				SDKROOT = iphoneos;
				SWIFT_ACTIVE_COMPILATION_CONDITIONS = DEBUG;
				SWIFT_OPTIMIZATION_LEVEL = "-Onone";
			};
			name = Debug;
		};
		89BE4F8A238041BA00976C4B /* Release */ = {
			isa = XCBuildConfiguration;
			buildSettings = {
				ALWAYS_SEARCH_USER_PATHS = NO;
				CLANG_ANALYZER_NONNULL = YES;
				CLANG_ANALYZER_NUMBER_OBJECT_CONVERSION = YES_AGGRESSIVE;
				CLANG_CXX_LANGUAGE_STANDARD = "gnu++14";
				CLANG_CXX_LIBRARY = "libc++";
				CLANG_ENABLE_MODULES = YES;
				CLANG_ENABLE_OBJC_ARC = YES;
				CLANG_ENABLE_OBJC_WEAK = YES;
				CLANG_WARN_BLOCK_CAPTURE_AUTORELEASING = YES;
				CLANG_WARN_BOOL_CONVERSION = YES;
				CLANG_WARN_COMMA = YES;
				CLANG_WARN_CONSTANT_CONVERSION = YES;
				CLANG_WARN_DEPRECATED_OBJC_IMPLEMENTATIONS = YES;
				CLANG_WARN_DIRECT_OBJC_ISA_USAGE = YES_ERROR;
				CLANG_WARN_DOCUMENTATION_COMMENTS = YES;
				CLANG_WARN_EMPTY_BODY = YES;
				CLANG_WARN_ENUM_CONVERSION = YES;
				CLANG_WARN_INFINITE_RECURSION = YES;
				CLANG_WARN_INT_CONVERSION = YES;
				CLANG_WARN_NON_LITERAL_NULL_CONVERSION = YES;
				CLANG_WARN_OBJC_IMPLICIT_RETAIN_SELF = YES;
				CLANG_WARN_OBJC_LITERAL_CONVERSION = YES;
				CLANG_WARN_OBJC_ROOT_CLASS = YES_ERROR;
				CLANG_WARN_RANGE_LOOP_ANALYSIS = YES;
				CLANG_WARN_STRICT_PROTOTYPES = YES;
				CLANG_WARN_SUSPICIOUS_MOVE = YES;
				CLANG_WARN_UNGUARDED_AVAILABILITY = YES_AGGRESSIVE;
				CLANG_WARN_UNREACHABLE_CODE = YES;
				CLANG_WARN__DUPLICATE_METHOD_MATCH = YES;
				COPY_PHASE_STRIP = NO;
				DEBUG_INFORMATION_FORMAT = "dwarf-with-dsym";
				ENABLE_NS_ASSERTIONS = NO;
				ENABLE_STRICT_OBJC_MSGSEND = YES;
				GCC_C_LANGUAGE_STANDARD = gnu11;
				GCC_NO_COMMON_BLOCKS = YES;
				GCC_WARN_64_TO_32_BIT_CONVERSION = YES;
				GCC_WARN_ABOUT_RETURN_TYPE = YES_ERROR;
				GCC_WARN_UNDECLARED_SELECTOR = YES;
				GCC_WARN_UNINITIALIZED_AUTOS = YES_AGGRESSIVE;
				GCC_WARN_UNUSED_FUNCTION = YES;
				GCC_WARN_UNUSED_VARIABLE = YES;
				IPHONEOS_DEPLOYMENT_TARGET = 13.1;
				MTL_ENABLE_DEBUG_INFO = NO;
				MTL_FAST_MATH = YES;
				SDKROOT = iphoneos;
				SWIFT_COMPILATION_MODE = wholemodule;
				SWIFT_OPTIMIZATION_LEVEL = "-O";
				VALIDATE_PRODUCT = YES;
			};
			name = Release;
		};
		89BE4F8C238041BA00976C4B /* Debug */ = {
			isa = XCBuildConfiguration;
			baseConfigurationReference = DD307318CCD035A2062C3E91 /* Pods-MomentsDemo.debug.xcconfig */;
			buildSettings = {
				ASSETCATALOG_COMPILER_APPICON_NAME = AppIcon;
				CLANG_ENABLE_MODULES = YES;
				CODE_SIGN_STYLE = Automatic;
				DEVELOPMENT_TEAM = DW4EHKV48E;
				INFOPLIST_FILE = MomentsDemo/Info.plist;
				IPHONEOS_DEPLOYMENT_TARGET = 11.0;
				LD_RUNPATH_SEARCH_PATHS = (
					"$(inherited)",
					"@executable_path/Frameworks",
				);
				PRODUCT_BUNDLE_IDENTIFIER = com.macro.MomentsDemo;
				PRODUCT_NAME = "$(TARGET_NAME)";
				SWIFT_OBJC_BRIDGING_HEADER = "MomentsDemo/MomentsDemo-Bridging-Header.h";
				SWIFT_OPTIMIZATION_LEVEL = "-Onone";
				SWIFT_VERSION = 5.0;
				TARGETED_DEVICE_FAMILY = "1,2";
			};
			name = Debug;
		};
		89BE4F8D238041BA00976C4B /* Release */ = {
			isa = XCBuildConfiguration;
			baseConfigurationReference = ADA0362764FA7582F1D4DE5D /* Pods-MomentsDemo.release.xcconfig */;
			buildSettings = {
				ASSETCATALOG_COMPILER_APPICON_NAME = AppIcon;
				CLANG_ENABLE_MODULES = YES;
				CODE_SIGN_STYLE = Automatic;
				DEVELOPMENT_TEAM = DW4EHKV48E;
				INFOPLIST_FILE = MomentsDemo/Info.plist;
				IPHONEOS_DEPLOYMENT_TARGET = 11.0;
				LD_RUNPATH_SEARCH_PATHS = (
					"$(inherited)",
					"@executable_path/Frameworks",
				);
				PRODUCT_BUNDLE_IDENTIFIER = com.macro.MomentsDemo;
				PRODUCT_NAME = "$(TARGET_NAME)";
				SWIFT_OBJC_BRIDGING_HEADER = "MomentsDemo/MomentsDemo-Bridging-Header.h";
				SWIFT_VERSION = 5.0;
				TARGETED_DEVICE_FAMILY = "1,2";
			};
			name = Release;
		};
/* End XCBuildConfiguration section */

/* Begin XCConfigurationList section */
		89BE4F72238041B900976C4B /* Build configuration list for PBXProject "MomentsDemo" */ = {
			isa = XCConfigurationList;
			buildConfigurations = (
				89BE4F89238041BA00976C4B /* Debug */,
				89BE4F8A238041BA00976C4B /* Release */,
			);
			defaultConfigurationIsVisible = 0;
			defaultConfigurationName = Release;
		};
		89BE4F8B238041BA00976C4B /* Build configuration list for PBXNativeTarget "MomentsDemo" */ = {
			isa = XCConfigurationList;
			buildConfigurations = (
				89BE4F8C238041BA00976C4B /* Debug */,
				89BE4F8D238041BA00976C4B /* Release */,
			);
			defaultConfigurationIsVisible = 0;
			defaultConfigurationName = Release;
		};
/* End XCConfigurationList section */
	};
	rootObject = 89BE4F6F238041B900976C4B /* Project object */;
}
